
Microsoft Visual Studio Solution File, Format Version 12.00
# Visual Studio 15
VisualStudioVersion = 15.0.28307.572
MinimumVisualStudioVersion = 10.0.40219.1
Project("{FAE04EC0-301F-11D3-BF4B-00C04F79EFBC}") = "DeliveryApplication", "DeliveryApplication\DeliveryApplication.csproj", "{FF8B181C-520D-4C0D-A60C-2191853DB131}"
EndProject
Global
	GlobalSection(SolutionConfigurationPlatforms) = preSolution
		Debug|Any CPU = Debug|Any CPU
		Release|Any CPU = Release|Any CPU
	EndGlobalSection
	GlobalSection(ProjectConfigurationPlatforms) = postSolution
		{FF8B181C-520D-4C0D-A60C-2191853DB131}.Debug|Any CPU.ActiveCfg = Debug|Any CPU
		{FF8B181C-520D-4C0D-A60C-2191853DB131}.Debug|Any CPU.Build.0 = Debug|Any CPU
		{FF8B181C-520D-4C0D-A60C-2191853DB131}.Release|Any CPU.ActiveCfg = Release|Any CPU
		{FF8B181C-520D-4C0D-A60C-2191853DB131}.Release|Any CPU.Build.0 = Release|Any CPU
	EndGlobalSection
	GlobalSection(SolutionProperties) = preSolution
		HideSolutionNode = FALSE
	EndGlobalSection
	GlobalSection(ExtensibilityGlobals) = postSolution
		SolutionGuid = {D925786C-02D7-4652-B091-A5F1AE05536D}
	EndGlobalSection
EndGlobal
