
Microsoft Visual Studio Solution File, Format Version 12.00
# Visual Studio 15
VisualStudioVersion = 15.0.28307.572
MinimumVisualStudioVersion = 10.0.40219.1
Project("{9A19103F-16F7-4668-BE54-9A1E7A4F7556}") = "FunApp.Web", "FunApp.Web\FunApp.Web.csproj", "{1F7DDBA0-B406-4C47-9DBC-A390C1CC7016}"
EndProject
Project("{2150E333-8FDC-42A3-9474-1A3956D46DE8}") = "Data", "Data", "{9907FA6F-6C8D-41BE-B874-062E81D4676C}"
EndProject
Project("{9A19103F-16F7-4668-BE54-9A1E7A4F7556}") = "FunApp.Data", "FunApp.Data\FunApp.Data.csproj", "{982A8A11-447D-450E-8114-2FD6B7660533}"
EndProject
Project("{9A19103F-16F7-4668-BE54-9A1E7A4F7556}") = "FunApp.Data.Models", "Data\FunApp.Data.Models\FunApp.Data.Models.csproj", "{C223E080-564E-4D87-9FF6-54E47645A666}"
EndProject
Project("{9A19103F-16F7-4668-BE54-9A1E7A4F7556}") = "FunApp.Data.Common", "Data\FunApp.Data.Common\FunApp.Data.Common.csproj", "{94EC36B8-9F65-4A50-8A04-87F039A16F30}"
EndProject
Project("{2150E333-8FDC-42A3-9474-1A3956D46DE8}") = "Tests", "Tests", "{E057FE16-1C18-4F7D-983C-88304CB7F272}"
EndProject
Project("{9A19103F-16F7-4668-BE54-9A1E7A4F7556}") = "SandBox", "Tests\SandBox\SandBox.csproj", "{103BB226-0F12-4029-ADA1-80107A055F0B}"
EndProject
Project("{2150E333-8FDC-42A3-9474-1A3956D46DE8}") = "Services", "Services", "{C37C76D5-0756-40EE-AE70-B521B26B51E2}"
EndProject
Project("{9A19103F-16F7-4668-BE54-9A1E7A4F7556}") = "FunApp.Services.DataServices", "Services\FunApp.Services.DataServices\FunApp.Services.DataServices.csproj", "{6AE69FA2-7609-4300-8751-1FB3765FC594}"
EndProject
Project("{9A19103F-16F7-4668-BE54-9A1E7A4F7556}") = "FunApp.Services.Models", "Services\FunApp.Services.Models\FunApp.Services.Models.csproj", "{FEDC3036-B473-418F-8007-AFCDE74657A3}"
EndProject
Project("{9A19103F-16F7-4668-BE54-9A1E7A4F7556}") = "FunApp.Services.Mapping", "Services\FunApp.Services.Mapping\FunApp.Services.Mapping.csproj", "{34154F90-3C1E-4690-9632-F6FB77A9E158}"
EndProject
Project("{FAE04EC0-301F-11D3-BF4B-00C04F79EFBC}") = "FunApp.Services.MachineLearning", "Services\FunApp.Services.MachineLearning\FunApp.Services.MachineLearning.csproj", "{7A8E2B52-3DB2-4A44-AFAE-1CE2DC982B86}"
EndProject
Global
	GlobalSection(SolutionConfigurationPlatforms) = preSolution
		Debug|Any CPU = Debug|Any CPU
		Release|Any CPU = Release|Any CPU
	EndGlobalSection
	GlobalSection(ProjectConfigurationPlatforms) = postSolution
		{1F7DDBA0-B406-4C47-9DBC-A390C1CC7016}.Debug|Any CPU.ActiveCfg = Debug|Any CPU
		{1F7DDBA0-B406-4C47-9DBC-A390C1CC7016}.Debug|Any CPU.Build.0 = Debug|Any CPU
		{1F7DDBA0-B406-4C47-9DBC-A390C1CC7016}.Release|Any CPU.ActiveCfg = Release|Any CPU
		{1F7DDBA0-B406-4C47-9DBC-A390C1CC7016}.Release|Any CPU.Build.0 = Release|Any CPU
		{982A8A11-447D-450E-8114-2FD6B7660533}.Debug|Any CPU.ActiveCfg = Debug|Any CPU
		{982A8A11-447D-450E-8114-2FD6B7660533}.Debug|Any CPU.Build.0 = Debug|Any CPU
		{982A8A11-447D-450E-8114-2FD6B7660533}.Release|Any CPU.ActiveCfg = Release|Any CPU
		{982A8A11-447D-450E-8114-2FD6B7660533}.Release|Any CPU.Build.0 = Release|Any CPU
		{C223E080-564E-4D87-9FF6-54E47645A666}.Debug|Any CPU.ActiveCfg = Debug|Any CPU
		{C223E080-564E-4D87-9FF6-54E47645A666}.Debug|Any CPU.Build.0 = Debug|Any CPU
		{C223E080-564E-4D87-9FF6-54E47645A666}.Release|Any CPU.ActiveCfg = Release|Any CPU
		{C223E080-564E-4D87-9FF6-54E47645A666}.Release|Any CPU.Build.0 = Release|Any CPU
		{94EC36B8-9F65-4A50-8A04-87F039A16F30}.Debug|Any CPU.ActiveCfg = Debug|Any CPU
		{94EC36B8-9F65-4A50-8A04-87F039A16F30}.Debug|Any CPU.Build.0 = Debug|Any CPU
		{94EC36B8-9F65-4A50-8A04-87F039A16F30}.Release|Any CPU.ActiveCfg = Release|Any CPU
		{94EC36B8-9F65-4A50-8A04-87F039A16F30}.Release|Any CPU.Build.0 = Release|Any CPU
		{103BB226-0F12-4029-ADA1-80107A055F0B}.Debug|Any CPU.ActiveCfg = Debug|Any CPU
		{103BB226-0F12-4029-ADA1-80107A055F0B}.Debug|Any CPU.Build.0 = Debug|Any CPU
		{103BB226-0F12-4029-ADA1-80107A055F0B}.Release|Any CPU.ActiveCfg = Release|Any CPU
		{103BB226-0F12-4029-ADA1-80107A055F0B}.Release|Any CPU.Build.0 = Release|Any CPU
		{6AE69FA2-7609-4300-8751-1FB3765FC594}.Debug|Any CPU.ActiveCfg = Debug|Any CPU
		{6AE69FA2-7609-4300-8751-1FB3765FC594}.Debug|Any CPU.Build.0 = Debug|Any CPU
		{6AE69FA2-7609-4300-8751-1FB3765FC594}.Release|Any CPU.ActiveCfg = Release|Any CPU
		{6AE69FA2-7609-4300-8751-1FB3765FC594}.Release|Any CPU.Build.0 = Release|Any CPU
		{FEDC3036-B473-418F-8007-AFCDE74657A3}.Debug|Any CPU.ActiveCfg = Debug|Any CPU
		{FEDC3036-B473-418F-8007-AFCDE74657A3}.Debug|Any CPU.Build.0 = Debug|Any CPU
		{FEDC3036-B473-418F-8007-AFCDE74657A3}.Release|Any CPU.ActiveCfg = Release|Any CPU
		{FEDC3036-B473-418F-8007-AFCDE74657A3}.Release|Any CPU.Build.0 = Release|Any CPU
		{34154F90-3C1E-4690-9632-F6FB77A9E158}.Debug|Any CPU.ActiveCfg = Debug|Any CPU
		{34154F90-3C1E-4690-9632-F6FB77A9E158}.Debug|Any CPU.Build.0 = Debug|Any CPU
		{34154F90-3C1E-4690-9632-F6FB77A9E158}.Release|Any CPU.ActiveCfg = Release|Any CPU
		{34154F90-3C1E-4690-9632-F6FB77A9E158}.Release|Any CPU.Build.0 = Release|Any CPU
		{7A8E2B52-3DB2-4A44-AFAE-1CE2DC982B86}.Debug|Any CPU.ActiveCfg = Debug|Any CPU
		{7A8E2B52-3DB2-4A44-AFAE-1CE2DC982B86}.Debug|Any CPU.Build.0 = Debug|Any CPU
		{7A8E2B52-3DB2-4A44-AFAE-1CE2DC982B86}.Release|Any CPU.ActiveCfg = Release|Any CPU
		{7A8E2B52-3DB2-4A44-AFAE-1CE2DC982B86}.Release|Any CPU.Build.0 = Release|Any CPU
	EndGlobalSection
	GlobalSection(SolutionProperties) = preSolution
		HideSolutionNode = FALSE
	EndGlobalSection
	GlobalSection(NestedProjects) = preSolution
		{982A8A11-447D-450E-8114-2FD6B7660533} = {9907FA6F-6C8D-41BE-B874-062E81D4676C}
		{C223E080-564E-4D87-9FF6-54E47645A666} = {9907FA6F-6C8D-41BE-B874-062E81D4676C}
		{94EC36B8-9F65-4A50-8A04-87F039A16F30} = {9907FA6F-6C8D-41BE-B874-062E81D4676C}
		{103BB226-0F12-4029-ADA1-80107A055F0B} = {E057FE16-1C18-4F7D-983C-88304CB7F272}
		{6AE69FA2-7609-4300-8751-1FB3765FC594} = {C37C76D5-0756-40EE-AE70-B521B26B51E2}
		{FEDC3036-B473-418F-8007-AFCDE74657A3} = {C37C76D5-0756-40EE-AE70-B521B26B51E2}
		{34154F90-3C1E-4690-9632-F6FB77A9E158} = {C37C76D5-0756-40EE-AE70-B521B26B51E2}
		{7A8E2B52-3DB2-4A44-AFAE-1CE2DC982B86} = {C37C76D5-0756-40EE-AE70-B521B26B51E2}
	EndGlobalSection
	GlobalSection(ExtensibilityGlobals) = postSolution
		SolutionGuid = {0381CAAB-41C7-46E3-8DB3-B11BEFE16DF7}
	EndGlobalSection
EndGlobal
