
Microsoft Visual Studio Solution File, Format Version 12.00
# Visual Studio 15
VisualStudioVersion = 15.0.28307.572
MinimumVisualStudioVersion = 10.0.40219.1
Project("{9A19103F-16F7-4668-BE54-9A1E7A4F7556}") = "WebShop", "WebShop\WebShop.csproj", "{54A9F032-4524-4367-BE64-636C288AEBB1}"
EndProject
Project("{9A19103F-16F7-4668-BE54-9A1E7A4F7556}") = "WebShop.Data", "WebShop.Data\WebShop.Data.csproj", "{B6F3C26B-A34F-4DBB-BF98-7A8C199248F9}"
EndProject
Project("{9A19103F-16F7-4668-BE54-9A1E7A4F7556}") = "WebShop.Models", "WebShop.Models\WebShop.Models.csproj", "{4D558219-5D26-43D9-B463-91CC0627A743}"
EndProject
Global
	GlobalSection(SolutionConfigurationPlatforms) = preSolution
		Debug|Any CPU = Debug|Any CPU
		Release|Any CPU = Release|Any CPU
	EndGlobalSection
	GlobalSection(ProjectConfigurationPlatforms) = postSolution
		{54A9F032-4524-4367-BE64-636C288AEBB1}.Debug|Any CPU.ActiveCfg = Debug|Any CPU
		{54A9F032-4524-4367-BE64-636C288AEBB1}.Debug|Any CPU.Build.0 = Debug|Any CPU
		{54A9F032-4524-4367-BE64-636C288AEBB1}.Release|Any CPU.ActiveCfg = Release|Any CPU
		{54A9F032-4524-4367-BE64-636C288AEBB1}.Release|Any CPU.Build.0 = Release|Any CPU
		{B6F3C26B-A34F-4DBB-BF98-7A8C199248F9}.Debug|Any CPU.ActiveCfg = Debug|Any CPU
		{B6F3C26B-A34F-4DBB-BF98-7A8C199248F9}.Debug|Any CPU.Build.0 = Debug|Any CPU
		{B6F3C26B-A34F-4DBB-BF98-7A8C199248F9}.Release|Any CPU.ActiveCfg = Release|Any CPU
		{B6F3C26B-A34F-4DBB-BF98-7A8C199248F9}.Release|Any CPU.Build.0 = Release|Any CPU
		{4D558219-5D26-43D9-B463-91CC0627A743}.Debug|Any CPU.ActiveCfg = Debug|Any CPU
		{4D558219-5D26-43D9-B463-91CC0627A743}.Debug|Any CPU.Build.0 = Debug|Any CPU
		{4D558219-5D26-43D9-B463-91CC0627A743}.Release|Any CPU.ActiveCfg = Release|Any CPU
		{4D558219-5D26-43D9-B463-91CC0627A743}.Release|Any CPU.Build.0 = Release|Any CPU
	EndGlobalSection
	GlobalSection(SolutionProperties) = preSolution
		HideSolutionNode = FALSE
	EndGlobalSection
	GlobalSection(ExtensibilityGlobals) = postSolution
		SolutionGuid = {F9F436DA-98EA-4A89-8D9F-98B14AEC835B}
	EndGlobalSection
EndGlobal
